{
  "pins" : [
    {
      "identity" : "bson",
      "kind" : "remoteSourceControl",
      "location" : "https://github.com/orlandos-nl/BSON.git",
      "state" : {
        "revision" : "944dfb3b0eb028f477c25ba6a071181de8ab903a",
        "version" : "8.0.10"
      }
    },
    {
      "identity" : "dribble",
      "kind" : "remoteSourceControl",
      "location" : "https://github.com/needle-tail/Dribble.git",
      "state" : {
        "branch" : "main",
        "revision" : "3b7ee80ccbf79965cadef58559cb960d0ab3b17d"
      }
    },
    {
      "identity" : "jwt-kit",
      "kind" : "remoteSourceControl",
      "location" : "https://github.com/vapor/jwt-kit.git",
      "state" : {
        "revision" : "1822bb0abf0a31a4b5078ec19061c548835253b5",
        "version" : "4.3.0"
      }
    },
    {
      "identity" : "swift-atomics",
      "kind" : "remoteSourceControl",
      "location" : "https://github.com/apple/swift-atomics",
      "state" : {
        "revision" : "cd142fd2f64be2100422d658e7411e39489da985",
        "version" : "1.2.0"
      }
    },
    {
      "identity" : "swift-backtrace",
      "kind" : "remoteSourceControl",
      "location" : "https://github.com/swift-server/swift-backtrace.git",
      "state" : {
        "revision" : "f25620d5d05e2f1ba27154b40cafea2b67566956",
        "version" : "1.3.3"
      }
    },
    {
      "identity" : "swift-cluster-membership",
      "kind" : "remoteSourceControl",
      "location" : "https://github.com/apple/swift-cluster-membership.git",
      "state" : {
        "revision" : "3896fce7e9eb9cfce8a20abd94408f7e8c62fc2d",
        "version" : "0.3.1"
      }
    },
    {
      "identity" : "swift-collections",
      "kind" : "remoteSourceControl",
      "location" : "https://github.com/apple/swift-collections.git",
      "state" : {
        "revision" : "48254824bb4248676bf7ce56014ff57b142b77eb",
        "version" : "1.0.2"
      }
    },
    {
      "identity" : "swift-crypto",
      "kind" : "remoteSourceControl",
      "location" : "https://github.com/apple/swift-crypto.git",
      "state" : {
        "revision" : "60f13f60c4d093691934dc6cfdf5f508ada1f894",
        "version" : "2.6.0"
      }
    },
    {
      "identity" : "swift-distributed-actors",
      "kind" : "remoteSourceControl",
      "location" : "https://github.com/apple/swift-distributed-actors.git",
      "state" : {
        "revision" : "bd2e4c0dd278c2071d07fcc449185b816a15d80d",
        "version" : "1.0.0-beta.1.1"
      }
    },
    {
      "identity" : "swift-log",
      "kind" : "remoteSourceControl",
      "location" : "https://github.com/apple/swift-log.git",
      "state" : {
        "revision" : "5d66f7ba25daf4f94100e7022febf3c75e37a6c7",
        "version" : "1.4.2"
      }
    },
    {
      "identity" : "swift-metrics",
      "kind" : "remoteSourceControl",
      "location" : "https://github.com/apple/swift-metrics.git",
      "state" : {
        "revision" : "1c1408bf8fc21be93713e897d2badf500ea38419",
        "version" : "2.3.1"
      }
    },
    {
      "identity" : "swift-nio",
      "kind" : "remoteSourceControl",
      "location" : "https://github.com/apple/swift-nio.git",
      "state" : {
        "revision" : "54c85cb26308b89846d4671f23954dce088da2b0",
        "version" : "2.60.0"
      }
    },
    {
      "identity" : "swift-nio-extras",
      "kind" : "remoteSourceControl",
      "location" : "https://github.com/apple/swift-nio-extras.git",
      "state" : {
        "revision" : "a75e92bde3683241c15df3dd905b7a6dcac4d551",
        "version" : "1.12.1"
      }
    },
    {
      "identity" : "swift-nio-ssl",
      "kind" : "remoteSourceControl",
      "location" : "https://github.com/apple/swift-nio-ssl.git",
      "state" : {
        "revision" : "52a486ff6de9bc3e26bf634c5413c41c5fa89ca5",
        "version" : "2.17.2"
      }
    },
    {
      "identity" : "swift-nio-transport-services",
      "kind" : "remoteSourceControl",
      "location" : "https://github.com/apple/swift-nio-transport-services.git",
      "state" : {
        "revision" : "ebf8b9c365a6ce043bf6e6326a04b15589bd285e",
        "version" : "1.20.0"
      }
    },
    {
      "identity" : "swift-protobuf",
      "kind" : "remoteSourceControl",
      "location" : "https://github.com/apple/swift-protobuf.git",
      "state" : {
        "revision" : "e1499bc69b9040b29184f7f2996f7bab467c1639",
        "version" : "1.19.0"
      }
    },
    {
      "identity" : "swift-service-discovery",
      "kind" : "remoteSourceControl",
      "location" : "https://github.com/apple/swift-service-discovery.git",
      "state" : {
        "revision" : "c83afedb1c95ef0111907cd6e2fd03d7175cc0d0",
        "version" : "1.2.0"
      }
    },
    {
      "identity" : "taskqueue",
      "kind" : "remoteSourceControl",
      "location" : "https://github.com/Joannis/TaskQueue.git",
      "state" : {
        "revision" : "38df6560a3ce185e0954ec2851b01ee82c01ee2c",
        "version" : "1.0.0"
      }
    },
    {
      "identity" : "websocket-kit",
      "kind" : "remoteSourceControl",
      "location" : "https://github.com/vapor/websocket-kit.git",
      "state" : {
        "revision" : "ff8fbce837ef01a93d49c6fb49a72be0f150dac7",
        "version" : "2.3.0"
      }
    }
  ],
  "version" : 2
}
