{
  "object": {
    "pins": [
      {
        "package": "async-kit",
        "repositoryURL": "https://github.com/vapor/async-kit.git",
        "state": {
          "branch": null,
          "revision": "c1de408100a2f2e4ab2ea06512e8635bc1a59144",
          "version": "1.3.1"
        }
      },
      {
        "package": "BSON",
        "repositoryURL": "https://github.com/OpenKitten/BSON.git",
        "state": {
          "branch": null,
          "revision": "5ef02954ff53960ae6fba46cd03c7bee51deb62e",
          "version": "7.0.27"
        }
      },
      {
        "package": "fluent-kit",
        "repositoryURL": "https://github.com/vapor/fluent-kit.git",
        "state": {
          "branch": null,
          "revision": "2eddf6fda3f1ca114f96e0cf82875fefab342343",
          "version": "1.13.0"
        }
      },
      {
        "package": "fluent-sqlite-driver",
        "repositoryURL": "https://github.com/vapor/fluent-sqlite.git",
        "state": {
          "branch": null,
          "revision": "9ca34be792979fb0f1dbd8e45b8af9f1e1440474",
          "version": "4.1.0"
        }
      },
      {
        "package": "sql-kit",
        "repositoryURL": "https://github.com/vapor/sql-kit.git",
        "state": {
          "branch": null,
          "revision": "211ce34be6a2dcd8b9f0c04f6a561c642a940c86",
          "version": "3.9.0"
        }
      },
      {
        "package": "sqlite-kit",
        "repositoryURL": "https://github.com/vapor/sqlite-kit.git",
        "state": {
          "branch": null,
          "revision": "2ec279b9c845cec254646834b66338551a024561",
          "version": "4.0.2"
        }
      },
      {
        "package": "sqlite-nio",
        "repositoryURL": "https://github.com/vapor/sqlite-nio.git",
        "state": {
          "branch": null,
          "revision": "6481dd0b01112d082dd7eb362782126e81964138",
          "version": "1.1.0"
        }
      },
      {
        "package": "swift-crypto",
        "repositoryURL": "https://github.com/apple/swift-crypto.git",
        "state": {
          "branch": null,
          "revision": "3bea268b223651c4ab7b7b9ad62ef9b2d4143eb6",
          "version": "1.1.6"
        }
      },
      {
        "package": "swift-log",
        "repositoryURL": "https://github.com/apple/swift-log.git",
        "state": {
          "branch": null,
          "revision": "5d66f7ba25daf4f94100e7022febf3c75e37a6c7",
          "version": "1.4.2"
        }
      },
      {
        "package": "swift-nio-transport-services",
        "repositoryURL": "https://github.com/apple/swift-nio-transport-services.git",
        "state": {
          "branch": null,
          "revision": "657537c2cf1845f8d5201ecc4e48f21f21841128",
          "version": "1.10.0"
        }
      }
    ]
  },
  "version": 1
}
