{
  "object": {
    "pins": [
      {
        "package": "BSON",
        "repositoryURL": "https://github.com/orlandos-nl/BSON.git",
        "state": {
          "branch": null,
          "revision": "e5f3c18e89048961156f3cb3af7f662979a2d0a9",
          "version": "8.0.1"
        }
      },
      {
        "package": "Dribble",
        "repositoryURL": "https://github.com/needle-tail/Dribble.git",
        "state": {
          "branch": "main",
          "revision": "3c7228f66569daf554ab9495be38d450f0c4553a",
          "version": null
        }
      },
      {
        "package": "jwt-kit",
        "repositoryURL": "https://github.com/vapor/jwt-kit.git",
        "state": {
          "branch": null,
          "revision": "87ce13a1df913ba4d51cf00606df7ef24d455571",
          "version": "4.7.0"
        }
      },
      {
        "package": "swift-atomics",
        "repositoryURL": "https://github.com/apple/swift-atomics.git",
        "state": {
          "branch": null,
          "revision": "919eb1d83e02121cdb434c7bfc1f0c66ef17febe",
          "version": "1.0.2"
        }
      },
      {
        "package": "swift-crypto",
        "repositoryURL": "https://github.com/apple/swift-crypto.git",
        "state": {
          "branch": null,
          "revision": "d9825fa541df64b1a7b182178d61b9a82730d01f",
          "version": "2.1.0"
        }
      },
      {
        "package": "swift-log",
        "repositoryURL": "https://github.com/apple/swift-log.git",
        "state": {
          "branch": null,
          "revision": "5d66f7ba25daf4f94100e7022febf3c75e37a6c7",
          "version": "1.4.2"
        }
      },
      {
        "package": "swift-nio",
        "repositoryURL": "https://github.com/apple/swift-nio.git",
        "state": {
          "branch": null,
          "revision": "b4e0a274f7f34210e97e2f2c50ab02a10b549250",
          "version": "2.41.1"
        }
      },
      {
        "package": "swift-nio-ssl",
        "repositoryURL": "https://github.com/apple/swift-nio-ssl.git",
        "state": {
          "branch": null,
          "revision": "0265283d3539ced108b9b8287eb3328c9d85acdc",
          "version": "2.21.0"
        }
      },
      {
        "package": "swift-nio-transport-services",
        "repositoryURL": "https://github.com/apple/swift-nio-transport-services.git",
        "state": {
          "branch": null,
          "revision": "4e02d9cf35cabfb538c96613272fb027dd0c8692",
          "version": "1.13.1"
        }
      },
      {
        "package": "TaskQueue",
        "repositoryURL": "https://github.com/Joannis/TaskQueue.git",
        "state": {
          "branch": null,
          "revision": "38df6560a3ce185e0954ec2851b01ee82c01ee2c",
          "version": "1.0.0"
        }
      },
      {
        "package": "websocket-kit",
        "repositoryURL": "https://github.com/vapor/websocket-kit.git",
        "state": {
          "branch": null,
          "revision": "efb1bd5adab0381e521a50b11d3107081cdb5615",
          "version": "2.6.0"
        }
      }
    ]
  },
  "version": 1
}
